
Microsoft Visual Studio Solution File, Format Version 12.00
# Visual Studio Version 17
VisualStudioVersion = 17.5.33424.131
MinimumVisualStudioVersion = 10.0.40219.1
Project("{2150E333-8FDC-42A3-9474-1A3956D46DE8}") = "test", "test", "{BFE4E29C-F111-4057-B5F6-A194F8295AA0}"
EndProject
Project("{2150E333-8FDC-42A3-9474-1A3956D46DE8}") = "src", "src", "{E13C1E2E-3548-4893-8C0D-622C3767C13A}"
EndProject
Project("{9A19103F-16F7-4668-BE54-9A1E7A4F7556}") = "startup-shutdown.calculation.application", "src\startup-shutdown.calculation.application\startup-shutdown.calculation.application.csproj", "{D7A43BB4-7AA2-4CF3-8241-4A58BBA344A7}"
EndProject
Project("{9A19103F-16F7-4668-BE54-9A1E7A4F7556}") = "startup-shutdown.common", "src\startup-shutdown.common\startup-shutdown.common.csproj", "{4755B49B-D51A-4C49-B3B5-07695650E6CF}"
EndProject
Project("{9A19103F-16F7-4668-BE54-9A1E7A4F7556}") = "startup-shutdown.infrastructure", "src\startup-shutdown.infrastructure\startup-shutdown.infrastructure.csproj", "{8247F49B-DF9E-414F-B522-45A9CAA1CB0A}"
EndProject
Project("{9A19103F-16F7-4668-BE54-9A1E7A4F7556}") = "startup-shutdown.presentation", "src\startup-shutdown.presentation\startup-shutdown.presentation.csproj", "{C23E4B1A-F463-475F-B041-D1A61E27335C}"
EndProject
Project("{9A19103F-16F7-4668-BE54-9A1E7A4F7556}") = "startup-shutdown.tracking.application", "src\startup-shutdown.tracking.application\startup-shutdown.tracking.application.csproj", "{EE6AFDA8-B2C5-4BFD-B1CF-009D3CA84231}"
EndProject
Project("{9A19103F-16F7-4668-BE54-9A1E7A4F7556}") = "startup-shutdown.tracking.domain", "src\startup-shutdown.tracking.domain\startup-shutdown.tracking.domain.csproj", "{A2FDF139-FA59-45D8-B35F-8AC3D09223B8}"
EndProject
Project("{9A19103F-16F7-4668-BE54-9A1E7A4F7556}") = "startup-shutdown.calculation.application.test", "test\startup-shutdown.calculation.application.test\startup-shutdown.calculation.application.test.csproj", "{19AC24D2-D58B-4408-B834-FA9548A9AB9A}"
EndProject
Project("{9A19103F-16F7-4668-BE54-9A1E7A4F7556}") = "startup-shutdown.tracking.application.test", "test\startup-shutdown.tracking.application.test\startup-shutdown.tracking.application.test.csproj", "{FF5BC351-D802-49C2-9CEB-6771A095C3A2}"
EndProject
Project("{2150E333-8FDC-42A3-9474-1A3956D46DE8}") = "tracking", "tracking", "{43B8664C-895D-4EA0-98F5-B6EB1C803ADF}"
EndProject
Project("{2150E333-8FDC-42A3-9474-1A3956D46DE8}") = "calculation", "calculation", "{F2DF1297-C2D6-4A15-AED8-588D40704773}"
EndProject
Project("{2150E333-8FDC-42A3-9474-1A3956D46DE8}") = "calculation", "calculation", "{4784A775-4E6D-42BA-B072-01B8FA55B74B}"
EndProject
Project("{2150E333-8FDC-42A3-9474-1A3956D46DE8}") = "tracking", "tracking", "{6159A5C5-46D4-4C6E-AC7D-540D37B3D681}"
EndProject
Global
	GlobalSection(SolutionConfigurationPlatforms) = preSolution
		Debug|Any CPU = Debug|Any CPU
		Release|Any CPU = Release|Any CPU
	EndGlobalSection
	GlobalSection(ProjectConfigurationPlatforms) = postSolution
		{D7A43BB4-7AA2-4CF3-8241-4A58BBA344A7}.Debug|Any CPU.ActiveCfg = Debug|Any CPU
		{D7A43BB4-7AA2-4CF3-8241-4A58BBA344A7}.Debug|Any CPU.Build.0 = Debug|Any CPU
		{D7A43BB4-7AA2-4CF3-8241-4A58BBA344A7}.Release|Any CPU.ActiveCfg = Release|Any CPU
		{D7A43BB4-7AA2-4CF3-8241-4A58BBA344A7}.Release|Any CPU.Build.0 = Release|Any CPU
		{4755B49B-D51A-4C49-B3B5-07695650E6CF}.Debug|Any CPU.ActiveCfg = Debug|Any CPU
		{4755B49B-D51A-4C49-B3B5-07695650E6CF}.Debug|Any CPU.Build.0 = Debug|Any CPU
		{4755B49B-D51A-4C49-B3B5-07695650E6CF}.Release|Any CPU.ActiveCfg = Release|Any CPU
		{4755B49B-D51A-4C49-B3B5-07695650E6CF}.Release|Any CPU.Build.0 = Release|Any CPU
		{8247F49B-DF9E-414F-B522-45A9CAA1CB0A}.Debug|Any CPU.ActiveCfg = Debug|Any CPU
		{8247F49B-DF9E-414F-B522-45A9CAA1CB0A}.Debug|Any CPU.Build.0 = Debug|Any CPU
		{8247F49B-DF9E-414F-B522-45A9CAA1CB0A}.Release|Any CPU.ActiveCfg = Release|Any CPU
		{8247F49B-DF9E-414F-B522-45A9CAA1CB0A}.Release|Any CPU.Build.0 = Release|Any CPU
		{C23E4B1A-F463-475F-B041-D1A61E27335C}.Debug|Any CPU.ActiveCfg = Debug|Any CPU
		{C23E4B1A-F463-475F-B041-D1A61E27335C}.Debug|Any CPU.Build.0 = Debug|Any CPU
		{C23E4B1A-F463-475F-B041-D1A61E27335C}.Release|Any CPU.ActiveCfg = Release|Any CPU
		{C23E4B1A-F463-475F-B041-D1A61E27335C}.Release|Any CPU.Build.0 = Release|Any CPU
		{EE6AFDA8-B2C5-4BFD-B1CF-009D3CA84231}.Debug|Any CPU.ActiveCfg = Debug|Any CPU
		{EE6AFDA8-B2C5-4BFD-B1CF-009D3CA84231}.Debug|Any CPU.Build.0 = Debug|Any CPU
		{EE6AFDA8-B2C5-4BFD-B1CF-009D3CA84231}.Release|Any CPU.ActiveCfg = Release|Any CPU
		{EE6AFDA8-B2C5-4BFD-B1CF-009D3CA84231}.Release|Any CPU.Build.0 = Release|Any CPU
		{A2FDF139-FA59-45D8-B35F-8AC3D09223B8}.Debug|Any CPU.ActiveCfg = Debug|Any CPU
		{A2FDF139-FA59-45D8-B35F-8AC3D09223B8}.Debug|Any CPU.Build.0 = Debug|Any CPU
		{A2FDF139-FA59-45D8-B35F-8AC3D09223B8}.Release|Any CPU.ActiveCfg = Release|Any CPU
		{A2FDF139-FA59-45D8-B35F-8AC3D09223B8}.Release|Any CPU.Build.0 = Release|Any CPU
		{19AC24D2-D58B-4408-B834-FA9548A9AB9A}.Debug|Any CPU.ActiveCfg = Debug|Any CPU
		{19AC24D2-D58B-4408-B834-FA9548A9AB9A}.Debug|Any CPU.Build.0 = Debug|Any CPU
		{19AC24D2-D58B-4408-B834-FA9548A9AB9A}.Release|Any CPU.ActiveCfg = Release|Any CPU
		{19AC24D2-D58B-4408-B834-FA9548A9AB9A}.Release|Any CPU.Build.0 = Release|Any CPU
		{FF5BC351-D802-49C2-9CEB-6771A095C3A2}.Debug|Any CPU.ActiveCfg = Debug|Any CPU
		{FF5BC351-D802-49C2-9CEB-6771A095C3A2}.Debug|Any CPU.Build.0 = Debug|Any CPU
		{FF5BC351-D802-49C2-9CEB-6771A095C3A2}.Release|Any CPU.ActiveCfg = Release|Any CPU
		{FF5BC351-D802-49C2-9CEB-6771A095C3A2}.Release|Any CPU.Build.0 = Release|Any CPU
	EndGlobalSection
	GlobalSection(SolutionProperties) = preSolution
		HideSolutionNode = FALSE
	EndGlobalSection
	GlobalSection(NestedProjects) = preSolution
		{D7A43BB4-7AA2-4CF3-8241-4A58BBA344A7} = {F2DF1297-C2D6-4A15-AED8-588D40704773}
		{4755B49B-D51A-4C49-B3B5-07695650E6CF} = {E13C1E2E-3548-4893-8C0D-622C3767C13A}
		{8247F49B-DF9E-414F-B522-45A9CAA1CB0A} = {E13C1E2E-3548-4893-8C0D-622C3767C13A}
		{C23E4B1A-F463-475F-B041-D1A61E27335C} = {E13C1E2E-3548-4893-8C0D-622C3767C13A}
		{EE6AFDA8-B2C5-4BFD-B1CF-009D3CA84231} = {43B8664C-895D-4EA0-98F5-B6EB1C803ADF}
		{A2FDF139-FA59-45D8-B35F-8AC3D09223B8} = {43B8664C-895D-4EA0-98F5-B6EB1C803ADF}
		{19AC24D2-D58B-4408-B834-FA9548A9AB9A} = {4784A775-4E6D-42BA-B072-01B8FA55B74B}
		{FF5BC351-D802-49C2-9CEB-6771A095C3A2} = {6159A5C5-46D4-4C6E-AC7D-540D37B3D681}
		{43B8664C-895D-4EA0-98F5-B6EB1C803ADF} = {E13C1E2E-3548-4893-8C0D-622C3767C13A}
		{F2DF1297-C2D6-4A15-AED8-588D40704773} = {E13C1E2E-3548-4893-8C0D-622C3767C13A}
		{4784A775-4E6D-42BA-B072-01B8FA55B74B} = {BFE4E29C-F111-4057-B5F6-A194F8295AA0}
		{6159A5C5-46D4-4C6E-AC7D-540D37B3D681} = {BFE4E29C-F111-4057-B5F6-A194F8295AA0}
	EndGlobalSection
	GlobalSection(ExtensibilityGlobals) = postSolution
		SolutionGuid = {AF1D8DAF-D12D-4313-A7D1-595327924D23}
	EndGlobalSection
EndGlobal
